{
  "name": "cocaine",
  "version": "0.2.8-2",
  "dependencies": {
    "msgpack": {
      "version": "0.1.11",
      "from": "msgpack@~0.1.7",
      "dependencies": {
        "nodeunit": {
          "version": "0.7.4",
          "from": "https://github.com/godsflaw/nodeunit/archive/master.tar.gz",
          "resolved": "https://github.com/godsflaw/nodeunit/archive/master.tar.gz",
          "dependencies": {
            "tap": {
              "version": "0.4.4",
              "from": "tap@>=0.2.3",
              "dependencies": {
                "inherits": {
                  "version": "2.0.0",
                  "from": "inherits@*",
                  "resolved": "https://registry.npmjs.org/inherits/-/inherits-2.0.0.tgz"
                },
                "yamlish": {
                  "version": "0.0.5",
                  "from": "yamlish@*",
                  "resolved": "https://registry.npmjs.org/yamlish/-/yamlish-0.0.5.tgz"
                },
                "slide": {
                  "version": "1.1.5",
                  "from": "slide@*"
                },
                "runforcover": {
                  "version": "0.0.2",
                  "from": "runforcover@~0.0.2",
                  "dependencies": {
                    "bunker": {
                      "version": "0.1.2",
                      "from": "bunker@0.1.X",
                      "dependencies": {
                        "burrito": {
                          "version": "0.2.12",
                          "from": "burrito@>=0.2.5 <0.3",
                          "dependencies": {
                            "traverse": {
                              "version": "0.5.2",
                              "from": "traverse@~0.5.1"
                            },
                            "uglify-js": {
                              "version": "1.1.1",
                              "from": "uglify-js@~1.1.1"
                            }
                          }
                        }
                      }
                    }
                  }
                },
                "nopt": {
                  "version": "2.1.2",
                  "from": "nopt@~2",
                  "dependencies": {
                    "abbrev": {
                      "version": "1.0.4",
                      "from": "abbrev@1"
                    }
                  }
                },
                "mkdirp": {
                  "version": "0.3.5",
                  "from": "mkdirp@~0.3"
                },
                "difflet": {
                  "version": "0.2.6",
                  "from": "difflet@~0.2.0",
                  "dependencies": {
                    "traverse": {
                      "version": "0.6.3",
                      "from": "traverse@0.6.x"
                    },
                    "charm": {
                      "version": "0.1.2",
                      "from": "charm@0.1.x"
                    },
                    "deep-is": {
                      "version": "0.1.2",
                      "from": "deep-is@0.1.x"
                    }
                  }
                },
                "deep-equal": {
                  "version": "0.0.0",
                  "from": "deep-equal@~0.0.0"
                },
                "buffer-equal": {
                  "version": "0.0.0",
                  "from": "buffer-equal@~0.0.0"
                },
                "glob": {
                  "version": "3.2.6",
                  "from": "glob@~3.2.1",
                  "dependencies": {
                    "minimatch": {
                      "version": "0.2.12",
                      "from": "minimatch@~0.2.11",
                      "dependencies": {
                        "lru-cache": {
                          "version": "2.3.1",
                          "from": "lru-cache@2"
                        },
                        "sigmund": {
                          "version": "1.0.0",
                          "from": "sigmund@~1.0.0"
                        }
                      }
                    },
                    "inherits": {
                      "version": "2.0.1",
                      "from": "inherits@2"
                    }
                  }
                }
              }
            }
          }
        }
      }
    },
    "bindings": {
      "version": "1.0.0",
      "from": "bindings@~1.0.0"
    },
    "optimist": {
      "version": "0.4.0",
      "from": "optimist@~0.4",
      "dependencies": {
        "wordwrap": {
          "version": "0.0.2",
          "from": "wordwrap@~0.0.2"
        }
      }
    },
    "q": {
      "version": "0.9.6",
      "from": "q@~0.9"
    },
    "jampack": {
      "version": "0.0.5",
      "from": "jampack@0.0.5"
    }
  }
}
