{
  "name": "cocaine",
  "version": "0.4.0-alpha0",
  "dependencies": {
    "bindings": {
      "version": "1.0.0",
      "from": "https://registry.npmjs.org/bindings/-/bindings-1.0.0.tgz",
      "resolved": "https://registry.npmjs.org/bindings/-/bindings-1.0.0.tgz"
    },
    "hexy": {
      "version": "0.2.6",
      "from": "hexy@",
      "resolved": "https://registry.npmjs.org/hexy/-/hexy-0.2.6.tgz"
    },
    "jampack": {
      "version": "0.0.7",
      "from": "jampack@0.0.7",
      "resolved": "https://registry.npmjs.org/jampack/-/jampack-0.0.7.tgz"
    },
    "msgpack": {
      "version": "0.1.11",
      "from": "https://registry.npmjs.org/msgpack/-/msgpack-0.1.11.tgz",
      "resolved": "https://registry.npmjs.org/msgpack/-/msgpack-0.1.11.tgz",
      "dependencies": {
        "nodeunit": {
          "version": "0.7.4",
          "from": "https://github.com/godsflaw/nodeunit/archive/master.tar.gz",
          "resolved": "https://github.com/godsflaw/nodeunit/archive/master.tar.gz",
          "dependencies": {
            "tap": {
              "version": "0.4.4",
              "from": "https://registry.npmjs.org/tap/-/tap-0.4.4.tgz",
              "resolved": "https://registry.npmjs.org/tap/-/tap-0.4.4.tgz",
              "dependencies": {
                "inherits": {
                  "version": "2.0.0",
                  "from": "inherits@*",
                  "resolved": "https://registry.npmjs.org/inherits/-/inherits-2.0.0.tgz"
                },
                "yamlish": {
                  "version": "0.0.5",
                  "from": "yamlish@*",
                  "resolved": "https://registry.npmjs.org/yamlish/-/yamlish-0.0.5.tgz"
                },
                "slide": {
                  "version": "1.1.5",
                  "from": "slide@1.1.5",
                  "resolved": "https://registry.npmjs.org/slide/-/slide-1.1.5.tgz"
                },
                "runforcover": {
                  "version": "0.0.2",
                  "from": "runforcover@0.0.2",
                  "resolved": "https://registry.npmjs.org/runforcover/-/runforcover-0.0.2.tgz",
                  "dependencies": {
                    "bunker": {
                      "version": "0.1.2",
                      "from": "bunker@0.1.2",
                      "resolved": "https://registry.npmjs.org/bunker/-/bunker-0.1.2.tgz",
                      "dependencies": {
                        "burrito": {
                          "version": "0.2.12",
                          "from": "burrito@0.2.12",
                          "resolved": "https://registry.npmjs.org/burrito/-/burrito-0.2.12.tgz",
                          "dependencies": {
                            "traverse": {
                              "version": "0.5.2",
                              "from": "https://registry.npmjs.org/traverse/-/traverse-0.5.2.tgz",
                              "resolved": "https://registry.npmjs.org/traverse/-/traverse-0.5.2.tgz"
                            },
                            "uglify-js": {
                              "version": "1.1.1",
                              "from": "uglify-js@1.1.1",
                              "resolved": "https://registry.npmjs.org/uglify-js/-/uglify-js-1.1.1.tgz"
                            }
                          }
                        }
                      }
                    }
                  }
                },
                "nopt": {
                  "version": "2.1.2",
                  "from": "nopt@2.1.2",
                  "resolved": "https://registry.npmjs.org/nopt/-/nopt-2.1.2.tgz",
                  "dependencies": {
                    "abbrev": {
                      "version": "1.0.4",
                      "from": "abbrev@1.0.4",
                      "resolved": "https://registry.npmjs.org/abbrev/-/abbrev-1.0.4.tgz"
                    }
                  }
                },
                "mkdirp": {
                  "version": "0.3.5",
                  "from": "mkdirp@0.3.5",
                  "resolved": "https://registry.npmjs.org/mkdirp/-/mkdirp-0.3.5.tgz"
                },
                "difflet": {
                  "version": "0.2.6",
                  "from": "difflet@0.2.6",
                  "resolved": "https://registry.npmjs.org/difflet/-/difflet-0.2.6.tgz",
                  "dependencies": {
                    "traverse": {
                      "version": "0.6.3",
                      "from": "https://registry.npmjs.org/traverse/-/traverse-0.6.3.tgz",
                      "resolved": "https://registry.npmjs.org/traverse/-/traverse-0.6.3.tgz"
                    },
                    "charm": {
                      "version": "0.1.2",
                      "from": "charm@0.1.2",
                      "resolved": "https://registry.npmjs.org/charm/-/charm-0.1.2.tgz"
                    },
                    "deep-is": {
                      "version": "0.1.2",
                      "from": "deep-is@0.1.2",
                      "resolved": "https://registry.npmjs.org/deep-is/-/deep-is-0.1.2.tgz"
                    }
                  }
                },
                "deep-equal": {
                  "version": "0.0.0",
                  "from": "deep-equal@0.0.0",
                  "resolved": "https://registry.npmjs.org/deep-equal/-/deep-equal-0.0.0.tgz"
                },
                "buffer-equal": {
                  "version": "0.0.0",
                  "from": "buffer-equal@0.0.0",
                  "resolved": "https://registry.npmjs.org/buffer-equal/-/buffer-equal-0.0.0.tgz"
                },
                "glob": {
                  "version": "3.2.6",
                  "from": "https://registry.npmjs.org/glob/-/glob-3.2.6.tgz",
                  "resolved": "https://registry.npmjs.org/glob/-/glob-3.2.6.tgz",
                  "dependencies": {
                    "minimatch": {
                      "version": "0.2.12",
                      "from": "minimatch@0.2.12",
                      "resolved": "https://registry.npmjs.org/minimatch/-/minimatch-0.2.12.tgz",
                      "dependencies": {
                        "lru-cache": {
                          "version": "2.3.1",
                          "from": "lru-cache@2.3.1",
                          "resolved": "https://registry.npmjs.org/lru-cache/-/lru-cache-2.3.1.tgz"
                        },
                        "sigmund": {
                          "version": "1.0.0",
                          "from": "sigmund@1.0.0",
                          "resolved": "https://registry.npmjs.org/sigmund/-/sigmund-1.0.0.tgz"
                        }
                      }
                    },
                    "inherits": {
                      "version": "2.0.1",
                      "from": "inherits@2.0.1",
                      "resolved": "https://registry.npmjs.org/inherits/-/inherits-2.0.1.tgz"
                    }
                  }
                }
              }
            },
            "qbox": {
              "version": "0.1.7"
            },
            "should": {
              "version": "0.5.1"
            },
            "tap-assert": {
              "version": "0.0.10"
            },
            "uglify-js": {
              "version": "1.1.1"
            },
            "tap-producer": {
              "version": "0.0.1",
              "dependencies": {
                "inherits": {
                  "version": "1.0.0"
                },
                "tap-results": {
                  "version": "0.0.2"
                },
                "yamlish": {
                  "version": "0.0.2"
                }
              }
            }
          }
        }
      }
    },
    "optimist": {
      "version": "0.4.0",
      "from": "https://registry.npmjs.org/optimist/-/optimist-0.4.0.tgz",
      "resolved": "https://registry.npmjs.org/optimist/-/optimist-0.4.0.tgz",
      "dependencies": {
        "wordwrap": {
          "version": "0.0.2",
          "from": "wordwrap@0.0.2",
          "resolved": "https://registry.npmjs.org/wordwrap/-/wordwrap-0.0.2.tgz"
        }
      }
    },
    "q": {
      "version": "0.9.6",
      "from": "https://registry.npmjs.org/q/-/q-0.9.6.tgz",
      "resolved": "https://registry.npmjs.org/q/-/q-0.9.6.tgz"
    }
  }
}
